// !$*UTF8*$!
{
	archiveVersion = 1;
	classes = {
	};
	objectVersion = 77;
	objects = {

/* Begin PBXBuildFile section */
		039B528A371CBF3C7144A0CA /* SnapshotHelper.swift in Sources */ = {isa = PBXBuildFile; fileRef = 58FE90BC752C5F14CBC892BE /* SnapshotHelper.swift */; };
		047EEFCCA2FBDD94B5998163 /* iOSContentView.swift in Sources */ = {isa = PBXBuildFile; fileRef = 587C3E00D19968F12AC41028 /* iOSContentView.swift */; };
		0C61D50BA376C36A4391B530 /* RetroLCDView.swift in Sources */ = {isa = PBXBuildFile; fileRef = 3C3226D5170FD47417B14ED2 /* RetroLCDView.swift */; };
		1C102A21CDDD3BBBDC8C1C4A /* RetroLayoutVerificationView.swift in Sources */ = {isa = PBXBuildFile; fileRef = 916DE9D305ECF467358D921A /* RetroLayoutVerificationView.swift */; };
		1C7C3A2352869537FDE0172E /* SnapshotHelper.swift in Sources */ = {isa = PBXBuildFile; fileRef = 58FE90BC752C5F14CBC892BE /* SnapshotHelper.swift */; };
		213042356BA1A34FE72AFC0D /* RPNCore in Frameworks */ = {isa = PBXBuildFile; productRef = 203CA19B9100ADCABC7E6EC4 /* RPNCore */; };
		29DD67D1DA47A705BD28283D /* HapticNumpadView.swift in Sources */ = {isa = PBXBuildFile; fileRef = 24CE381DA1230052F591DA43 /* HapticNumpadView.swift */; };
		2B323B6CA221D10EAC7CE7FE /* ProgramEditorView.swift in Sources */ = {isa = PBXBuildFile; fileRef = 7CC57601B2A1F45AACECF2A1 /* ProgramEditorView.swift */; };
		2E19AF56A6420AF45BC735AA /* RPNCore in Frameworks */ = {isa = PBXBuildFile; productRef = 4F6B69E0A8BEA8AE3B3005FF /* RPNCore */; };
		34D508DBB61A456B9333AEF4 /* BottomNumpadView.swift in Sources */ = {isa = PBXBuildFile; fileRef = 6146AE77BD8D1226DEF56B0A /* BottomNumpadView.swift */; };
		37C34E0A66161F64D91640E5 /* IntegratePromptView.swift in Sources */ = {isa = PBXBuildFile; fileRef = 304C9C58EBAA51A1ACFB6ADC /* IntegratePromptView.swift */; };
		37C50B336B000503004AEFD1 /* ShowView.swift in Sources */ = {isa = PBXBuildFile; fileRef = 58DAAEAFE7C5D2AA32CF01FD /* ShowView.swift */; };
		38CBA4D981F8D19A2BAE017F /* RegsMenuView.swift in Sources */ = {isa = PBXBuildFile; fileRef = 3E8EF5BCC7D97E870A5D10C8 /* RegsMenuView.swift */; };
		3A22F67D29CCC6143FCC2E7E /* VariablePromptView.swift in Sources */ = {isa = PBXBuildFile; fileRef = 5E8AFADF70A2E45FF0D41407 /* VariablePromptView.swift */; };
		3A2E071289E7861A1C377F8C /* MemMenuView.swift in Sources */ = {isa = PBXBuildFile; fileRef = 1867C279760D0F90BED087D9 /* MemMenuView.swift */; };
		3C313C98D6C288B5E3573374 /* HP32KeyMap.swift in Sources */ = {isa = PBXBuildFile; fileRef = 41AFE75A07A68E82C945B78D /* HP32KeyMap.swift */; };
		3F3270604771C95BC03FE1F9 /* BezelButtonStyle.swift in Sources */ = {isa = PBXBuildFile; fileRef = 00F8C3BBB74081AE7AFD10A0 /* BezelButtonStyle.swift */; };
		406E6AF58601F11C3B68601C /* LCDDisplayView.swift in Sources */ = {isa = PBXBuildFile; fileRef = 8640FB6C5294E5B59E8A5EC2 /* LCDDisplayView.swift */; };
		4308E7A8AA17370A1161571D /* WatchCalc32UITests.swift in Sources */ = {isa = PBXBuildFile; fileRef = 03BE4E9B0484A292A2FEA4F5 /* WatchCalc32UITests.swift */; };
		447AF5DE61D6487FB7139D43 /* ThemeManager.swift in Sources */ = {isa = PBXBuildFile; fileRef = 1B3B2728A7BBFA718A645C82 /* ThemeManager.swift */; };
		4C14445080D80DDE19B4E16E /* TestBasicEnter.swift in Sources */ = {isa = PBXBuildFile; fileRef = D4D76C5134CF3F1B68652A1B /* TestBasicEnter.swift */; };
		56CACE0045D64A880AD59D6B /* VariablePromptView.swift in Sources */ = {isa = PBXBuildFile; fileRef = 5E8AFADF70A2E45FF0D41407 /* VariablePromptView.swift */; };
		586A08015EAF6BD50409CDBC /* PlotPromptView.swift in Sources */ = {isa = PBXBuildFile; fileRef = 90AE59D4DDFB0F88AAC9C9BA /* PlotPromptView.swift */; };
		5A48741E6F99D79D1689EF42 /* RetroLCDView.swift in Sources */ = {isa = PBXBuildFile; fileRef = 3C3226D5170FD47417B14ED2 /* RetroLCDView.swift */; };
		5D0E7AF1181024B666BDE34C /* FullScreenPlotView.swift in Sources */ = {isa = PBXBuildFile; fileRef = 64E6AECD717221530EF79254 /* FullScreenPlotView.swift */; };
		61ABD329E939767DB5F448C8 /* RetroLayoutVerificationView.swift in Sources */ = {isa = PBXBuildFile; fileRef = 916DE9D305ECF467358D921A /* RetroLayoutVerificationView.swift */; };
		6511C0A0FFC4155D5FE55A14 /* HP32KeyMap.swift in Sources */ = {isa = PBXBuildFile; fileRef = 41AFE75A07A68E82C945B78D /* HP32KeyMap.swift */; };
		6C1E62B8385E46571925B8F3 /* Assets.xcassets in Resources */ = {isa = PBXBuildFile; fileRef = 7541CC53D8F82834A670AFE7 /* Assets.xcassets */; };
		73CB96AF5E2F72B5AE07DEDE /* UILBenchmarkData.swift in Sources */ = {isa = PBXBuildFile; fileRef = 19DF658A03B03870932682A4 /* UILBenchmarkData.swift */; };
		73CCCA71F91F64AE9B52822F /* AppDelegate.swift in Sources */ = {isa = PBXBuildFile; fileRef = F4CC1AD914F15BABCE14AD05 /* AppDelegate.swift */; };
		7459875E3FC9D5366DC59789 /* TopNumpadView.swift in Sources */ = {isa = PBXBuildFile; fileRef = 27EE043F713CA870829FFD11 /* TopNumpadView.swift */; };
		7A219E24A08061B9FD35C0A7 /* FullScreenPlotView.swift in Sources */ = {isa = PBXBuildFile; fileRef = 64E6AECD717221530EF79254 /* FullScreenPlotView.swift */; };
		7D918461400B97562D32B84A /* RegsMenuView.swift in Sources */ = {isa = PBXBuildFile; fileRef = 3E8EF5BCC7D97E870A5D10C8 /* RegsMenuView.swift */; };
		7DFE479B1F669ADFD164A83A /* ContentView.swift in Sources */ = {isa = PBXBuildFile; fileRef = 7380E9EA77A2B09D2F69B947 /* ContentView.swift */; };
		81262546734AC53D1827E5B0 /* ShiftedLayoutView.swift in Sources */ = {isa = PBXBuildFile; fileRef = D9A74E288B6BF828B9D1B43F /* ShiftedLayoutView.swift */; };
		8139FE82CACC52F8DCA66ACA /* LCDDisplayView.swift in Sources */ = {isa = PBXBuildFile; fileRef = 8640FB6C5294E5B59E8A5EC2 /* LCDDisplayView.swift */; };
		83DD7B9FC261130AFAD78F79 /* SolvePromptView.swift in Sources */ = {isa = PBXBuildFile; fileRef = 4D9AD73C4C1D638AC6CC4BF0 /* SolvePromptView.swift */; };
		8598631283513AE626B8282B /* KeyActionDispatcher.swift in Sources */ = {isa = PBXBuildFile; fileRef = 4BF83BE2D0F249D71CC64E42 /* KeyActionDispatcher.swift */; };
		86F21CB19014ED8884873D4F /* ThemeManager.swift in Sources */ = {isa = PBXBuildFile; fileRef = 1B3B2728A7BBFA718A645C82 /* ThemeManager.swift */; };
		8B8F531E293B37BEFB756384 /* KeyActionDispatcher.swift in Sources */ = {isa = PBXBuildFile; fileRef = 4BF83BE2D0F249D71CC64E42 /* KeyActionDispatcher.swift */; };
		8BCEA9AD4BE3FDC82F67D010 /* ConstantsMenuView.swift in Sources */ = {isa = PBXBuildFile; fileRef = BDA655BADB71D31C6C30BF1F /* ConstantsMenuView.swift */; };
		8E133F9F14E8CAB073E46BE7 /* MemMenuView.swift in Sources */ = {isa = PBXBuildFile; fileRef = 1867C279760D0F90BED087D9 /* MemMenuView.swift */; };
		8F2CD154257150221461C64A /* iOSApp.swift in Sources */ = {isa = PBXBuildFile; fileRef = 0D33BB3B4DA42ECDFA2BE965 /* iOSApp.swift */; };
		91A4231DBB3C747B0EFBCCF8 /* RPNCore in Frameworks */ = {isa = PBXBuildFile; productRef = 03D17C91C142DFF0B3CD789A /* RPNCore */; };
		930B9EBAF5C04B648B9A582A /* ClearMenuView.swift in Sources */ = {isa = PBXBuildFile; fileRef = 6FFB9D54733526F37B234936 /* ClearMenuView.swift */; };
		9B792CDE5DDE6C438A39E1FE /* BezelButtonStyle.swift in Sources */ = {isa = PBXBuildFile; fileRef = 00F8C3BBB74081AE7AFD10A0 /* BezelButtonStyle.swift */; };
		9B8CC1E2050EE6AE52829CB5 /* EquationListView.swift in Sources */ = {isa = PBXBuildFile; fileRef = 43437D0D28BC0EDF2F8C80AD /* EquationListView.swift */; };
		9C7F5F16B2E92C1C559CB339 /* WatchCalc32UXTests.swift in Sources */ = {isa = PBXBuildFile; fileRef = 59371E82AFF11F8FFCEBB6CD /* WatchCalc32UXTests.swift */; };
		A02384DF194CC93B8988C53E /* TestTap.swift in Sources */ = {isa = PBXBuildFile; fileRef = E6EF4C53DB8402D815C29B65 /* TestTap.swift */; };
		A0F71D94903B30CAFD7E29D3 /* SolvePromptView.swift in Sources */ = {isa = PBXBuildFile; fileRef = 4D9AD73C4C1D638AC6CC4BF0 /* SolvePromptView.swift */; };
		A129C0A12537790E9E7D6772 /* ProgramEditorView.swift in Sources */ = {isa = PBXBuildFile; fileRef = 7CC57601B2A1F45AACECF2A1 /* ProgramEditorView.swift */; };
		A1E25162C8E010F70C266DC5 /* WatchCalc32.app in Embed Watch Content */ = {isa = PBXBuildFile; fileRef = 9113082685473D1416D00106 /* WatchCalc32.app */; settings = {ATTRIBUTES = (RemoveHeadersOnCopy, ); }; };
		AC72CD70B174AF8CB18028BE /* EquationListView.swift in Sources */ = {isa = PBXBuildFile; fileRef = 43437D0D28BC0EDF2F8C80AD /* EquationListView.swift */; };
		B9D5721548DFF864607459EA /* ConstantsMenuView.swift in Sources */ = {isa = PBXBuildFile; fileRef = BDA655BADB71D31C6C30BF1F /* ConstantsMenuView.swift */; };
		C3373A4B3A4D8ADA0A7E57B3 /* WatchCalc32MenusTests.swift in Sources */ = {isa = PBXBuildFile; fileRef = 622952E15D4BA66BA40C145B /* WatchCalc32MenusTests.swift */; };
		C6F2F9C0C36490AC03ADB80F /* PioneerButtonStyle.swift in Sources */ = {isa = PBXBuildFile; fileRef = AF192A74FFF113EE59586474 /* PioneerButtonStyle.swift */; };
		D2A9EC8D34F9B566AACE79A5 /* PlotPromptView.swift in Sources */ = {isa = PBXBuildFile; fileRef = 90AE59D4DDFB0F88AAC9C9BA /* PlotPromptView.swift */; };
		D561A664897EC9DFF60EAF01 /* IntegratePromptView.swift in Sources */ = {isa = PBXBuildFile; fileRef = 304C9C58EBAA51A1ACFB6ADC /* IntegratePromptView.swift */; };
		D75CFB0CAFA34BF7CEFC4F9C /* iOSUITests.swift in Sources */ = {isa = PBXBuildFile; fileRef = 6258D960746EE50013A006D4 /* iOSUITests.swift */; };
		DBA4D84D6FB8B8259EEBF518 /* WatchCalc32App.swift in Sources */ = {isa = PBXBuildFile; fileRef = 36EA20C7632AAC2FF0C51C4E /* WatchCalc32App.swift */; };
		DF0A48DEF4F748B9060702B0 /* ClearMenuView.swift in Sources */ = {isa = PBXBuildFile; fileRef = 6FFB9D54733526F37B234936 /* ClearMenuView.swift */; };
		E0FFBF5DFAB29F2C25AC8F10 /* PioneerButtonStyle.swift in Sources */ = {isa = PBXBuildFile; fileRef = AF192A74FFF113EE59586474 /* PioneerButtonStyle.swift */; };
		E79D5E0C53308448AB279C11 /* RPNCore in Frameworks */ = {isa = PBXBuildFile; productRef = DF09DC95AF23E25ED70C515D /* RPNCore */; };
		EBFF1352BB8199A314F3A59A /* CalcButton.swift in Sources */ = {isa = PBXBuildFile; fileRef = A603ECAFE549C00B0F724057 /* CalcButton.swift */; };
		EE3CDD51880ED63702FCF356 /* TestEquationEntry.swift in Sources */ = {isa = PBXBuildFile; fileRef = 5B6F0F53804807111845D7AF /* TestEquationEntry.swift */; };
		F08B8D73732959DF2930E4AD /* UpperMatrixView.swift in Sources */ = {isa = PBXBuildFile; fileRef = CAD288C4367AE97EE044B621 /* UpperMatrixView.swift */; };
		F1D0CA11E3656E3DA267D1BB /* TestMath.swift in Sources */ = {isa = PBXBuildFile; fileRef = 42DA4D6580B0F6B971CC5E3A /* TestMath.swift */; };
		F9F9E62262549DB1AABB4A4A /* Assets.xcassets in Resources */ = {isa = PBXBuildFile; fileRef = CDC4DD47C54DD18B29053681 /* Assets.xcassets */; };
/* End PBXBuildFile section */

/* Begin PBXContainerItemProxy section */
		2207B4908ED42BA8F418AAC8 /* PBXContainerItemProxy */ = {
			isa = PBXContainerItemProxy;
			containerPortal = 3EEB2B268BA3C9DF9236B221 /* Project object */;
			proxyType = 1;
			remoteGlobalIDString = E6A8F1D2238006B1F79BF478;
			remoteInfo = WatchCalc32;
		};
		5B73031E71236FF4DFB4FE4F /* PBXContainerItemProxy */ = {
			isa = PBXContainerItemProxy;
			containerPortal = 3EEB2B268BA3C9DF9236B221 /* Project object */;
			proxyType = 1;
			remoteGlobalIDString = 34F80AA4FF3FE28033600166;
			remoteInfo = WatchCalc32Container;
		};
		6129C13EF7E8AB948FC13FAC /* PBXContainerItemProxy */ = {
			isa = PBXContainerItemProxy;
			containerPortal = 3EEB2B268BA3C9DF9236B221 /* Project object */;
			proxyType = 1;
			remoteGlobalIDString = E6A8F1D2238006B1F79BF478;
			remoteInfo = WatchCalc32;
		};
/* End PBXContainerItemProxy section */

/* Begin PBXCopyFilesBuildPhase section */
		C092247D08500C8DA1ECDB21 /* Embed Watch Content */ = {
			isa = PBXCopyFilesBuildPhase;
			buildActionMask = 2147483647;
			dstPath = "$(CONTENTS_FOLDER_PATH)/Watch";
			dstSubfolderSpec = 16;
			files = (
				A1E25162C8E010F70C266DC5 /* WatchCalc32.app in Embed Watch Content */,
			);
			name = "Embed Watch Content";
			runOnlyForDeploymentPostprocessing = 0;
		};
/* End PBXCopyFilesBuildPhase section */

/* Begin PBXFileReference section */
		00F8C3BBB74081AE7AFD10A0 /* BezelButtonStyle.swift */ = {isa = PBXFileReference; lastKnownFileType = sourcecode.swift; path = BezelButtonStyle.swift; sourceTree = "<group>"; };
		03BE4E9B0484A292A2FEA4F5 /* WatchCalc32UITests.swift */ = {isa = PBXFileReference; lastKnownFileType = sourcecode.swift; path = WatchCalc32UITests.swift; sourceTree = "<group>"; };
		0D33BB3B4DA42ECDFA2BE965 /* iOSApp.swift */ = {isa = PBXFileReference; lastKnownFileType = sourcecode.swift; path = iOSApp.swift; sourceTree = "<group>"; };
		1867C279760D0F90BED087D9 /* MemMenuView.swift */ = {isa = PBXFileReference; lastKnownFileType = sourcecode.swift; path = MemMenuView.swift; sourceTree = "<group>"; };
		19DF658A03B03870932682A4 /* UILBenchmarkData.swift */ = {isa = PBXFileReference; lastKnownFileType = sourcecode.swift; path = UILBenchmarkData.swift; sourceTree = "<group>"; };
		1B3B2728A7BBFA718A645C82 /* ThemeManager.swift */ = {isa = PBXFileReference; lastKnownFileType = sourcecode.swift; path = ThemeManager.swift; sourceTree = "<group>"; };
		24CE381DA1230052F591DA43 /* HapticNumpadView.swift */ = {isa = PBXFileReference; lastKnownFileType = sourcecode.swift; path = HapticNumpadView.swift; sourceTree = "<group>"; };
		27EE043F713CA870829FFD11 /* TopNumpadView.swift */ = {isa = PBXFileReference; lastKnownFileType = sourcecode.swift; path = TopNumpadView.swift; sourceTree = "<group>"; };
		304C9C58EBAA51A1ACFB6ADC /* IntegratePromptView.swift */ = {isa = PBXFileReference; lastKnownFileType = sourcecode.swift; path = IntegratePromptView.swift; sourceTree = "<group>"; };
		36EA20C7632AAC2FF0C51C4E /* WatchCalc32App.swift */ = {isa = PBXFileReference; lastKnownFileType = sourcecode.swift; path = WatchCalc32App.swift; sourceTree = "<group>"; };
		3C3226D5170FD47417B14ED2 /* RetroLCDView.swift */ = {isa = PBXFileReference; lastKnownFileType = sourcecode.swift; path = RetroLCDView.swift; sourceTree = "<group>"; };
		3E8EF5BCC7D97E870A5D10C8 /* RegsMenuView.swift */ = {isa = PBXFileReference; lastKnownFileType = sourcecode.swift; path = RegsMenuView.swift; sourceTree = "<group>"; };
		41AFE75A07A68E82C945B78D /* HP32KeyMap.swift */ = {isa = PBXFileReference; lastKnownFileType = sourcecode.swift; path = HP32KeyMap.swift; sourceTree = "<group>"; };
		42DA4D6580B0F6B971CC5E3A /* TestMath.swift */ = {isa = PBXFileReference; lastKnownFileType = sourcecode.swift; path = TestMath.swift; sourceTree = "<group>"; };
		43437D0D28BC0EDF2F8C80AD /* EquationListView.swift */ = {isa = PBXFileReference; lastKnownFileType = sourcecode.swift; path = EquationListView.swift; sourceTree = "<group>"; };
		4BF83BE2D0F249D71CC64E42 /* KeyActionDispatcher.swift */ = {isa = PBXFileReference; lastKnownFileType = sourcecode.swift; path = KeyActionDispatcher.swift; sourceTree = "<group>"; };
		4D9AD73C4C1D638AC6CC4BF0 /* SolvePromptView.swift */ = {isa = PBXFileReference; lastKnownFileType = sourcecode.swift; path = SolvePromptView.swift; sourceTree = "<group>"; };
		587C3E00D19968F12AC41028 /* iOSContentView.swift */ = {isa = PBXFileReference; lastKnownFileType = sourcecode.swift; path = iOSContentView.swift; sourceTree = "<group>"; };
		58DAAEAFE7C5D2AA32CF01FD /* ShowView.swift */ = {isa = PBXFileReference; lastKnownFileType = sourcecode.swift; path = ShowView.swift; sourceTree = "<group>"; };
		58FE90BC752C5F14CBC892BE /* SnapshotHelper.swift */ = {isa = PBXFileReference; lastKnownFileType = sourcecode.swift; path = SnapshotHelper.swift; sourceTree = "<group>"; };
		59371E82AFF11F8FFCEBB6CD /* WatchCalc32UXTests.swift */ = {isa = PBXFileReference; lastKnownFileType = sourcecode.swift; path = WatchCalc32UXTests.swift; sourceTree = "<group>"; };
		5B6F0F53804807111845D7AF /* TestEquationEntry.swift */ = {isa = PBXFileReference; lastKnownFileType = sourcecode.swift; path = TestEquationEntry.swift; sourceTree = "<group>"; };
		5E8AFADF70A2E45FF0D41407 /* VariablePromptView.swift */ = {isa = PBXFileReference; lastKnownFileType = sourcecode.swift; path = VariablePromptView.swift; sourceTree = "<group>"; };
		6146AE77BD8D1226DEF56B0A /* BottomNumpadView.swift */ = {isa = PBXFileReference; lastKnownFileType = sourcecode.swift; path = BottomNumpadView.swift; sourceTree = "<group>"; };
		622952E15D4BA66BA40C145B /* WatchCalc32MenusTests.swift */ = {isa = PBXFileReference; lastKnownFileType = sourcecode.swift; path = WatchCalc32MenusTests.swift; sourceTree = "<group>"; };
		6258D960746EE50013A006D4 /* iOSUITests.swift */ = {isa = PBXFileReference; lastKnownFileType = sourcecode.swift; path = iOSUITests.swift; sourceTree = "<group>"; };
		64E6AECD717221530EF79254 /* FullScreenPlotView.swift */ = {isa = PBXFileReference; lastKnownFileType = sourcecode.swift; path = FullScreenPlotView.swift; sourceTree = "<group>"; };
		6FFB9D54733526F37B234936 /* ClearMenuView.swift */ = {isa = PBXFileReference; lastKnownFileType = sourcecode.swift; path = ClearMenuView.swift; sourceTree = "<group>"; };
		7380E9EA77A2B09D2F69B947 /* ContentView.swift */ = {isa = PBXFileReference; lastKnownFileType = sourcecode.swift; path = ContentView.swift; sourceTree = "<group>"; };
		7541CC53D8F82834A670AFE7 /* Assets.xcassets */ = {isa = PBXFileReference; lastKnownFileType = folder.assetcatalog; path = Assets.xcassets; sourceTree = "<group>"; };
		7A4B42E509174B5BA172A473 /* Info.plist */ = {isa = PBXFileReference; lastKnownFileType = text.plist; path = Info.plist; sourceTree = "<group>"; };
		7CC57601B2A1F45AACECF2A1 /* ProgramEditorView.swift */ = {isa = PBXFileReference; lastKnownFileType = sourcecode.swift; path = ProgramEditorView.swift; sourceTree = "<group>"; };
		7F052485D497EB57FF5517A5 /* WatchCalc32Container.app */ = {isa = PBXFileReference; includeInIndex = 0; lastKnownFileType = wrapper.application; path = WatchCalc32Container.app; sourceTree = BUILT_PRODUCTS_DIR; };
		83DB61D67A7DBEC21EE4B046 /* WatchCalc32ContainerUITests.xctest */ = {isa = PBXFileReference; includeInIndex = 0; lastKnownFileType = wrapper.cfbundle; path = WatchCalc32ContainerUITests.xctest; sourceTree = BUILT_PRODUCTS_DIR; };
		8640FB6C5294E5B59E8A5EC2 /* LCDDisplayView.swift */ = {isa = PBXFileReference; lastKnownFileType = sourcecode.swift; path = LCDDisplayView.swift; sourceTree = "<group>"; };
		86513C8C092CF799D433B5AA /* Info.plist */ = {isa = PBXFileReference; lastKnownFileType = text.plist; path = Info.plist; sourceTree = "<group>"; };
		8869FFBAFCD814FA507BFBF7 /* WatchCalc32UITests.xctest */ = {isa = PBXFileReference; explicitFileType = wrapper.cfbundle; includeInIndex = 0; path = WatchCalc32UITests.xctest; sourceTree = BUILT_PRODUCTS_DIR; };
		90AE59D4DDFB0F88AAC9C9BA /* PlotPromptView.swift */ = {isa = PBXFileReference; lastKnownFileType = sourcecode.swift; path = PlotPromptView.swift; sourceTree = "<group>"; };
		9113082685473D1416D00106 /* WatchCalc32.app */ = {isa = PBXFileReference; explicitFileType = wrapper.application; includeInIndex = 0; path = WatchCalc32.app; sourceTree = BUILT_PRODUCTS_DIR; };
		916DE9D305ECF467358D921A /* RetroLayoutVerificationView.swift */ = {isa = PBXFileReference; lastKnownFileType = sourcecode.swift; path = RetroLayoutVerificationView.swift; sourceTree = "<group>"; };
		A603ECAFE549C00B0F724057 /* CalcButton.swift */ = {isa = PBXFileReference; lastKnownFileType = sourcecode.swift; path = CalcButton.swift; sourceTree = "<group>"; };
		AF192A74FFF113EE59586474 /* PioneerButtonStyle.swift */ = {isa = PBXFileReference; lastKnownFileType = sourcecode.swift; path = PioneerButtonStyle.swift; sourceTree = "<group>"; };
		BDA655BADB71D31C6C30BF1F /* ConstantsMenuView.swift */ = {isa = PBXFileReference; lastKnownFileType = sourcecode.swift; path = ConstantsMenuView.swift; sourceTree = "<group>"; };
		CAD288C4367AE97EE044B621 /* UpperMatrixView.swift */ = {isa = PBXFileReference; lastKnownFileType = sourcecode.swift; path = UpperMatrixView.swift; sourceTree = "<group>"; };
		CDC4DD47C54DD18B29053681 /* Assets.xcassets */ = {isa = PBXFileReference; lastKnownFileType = folder.assetcatalog; path = Assets.xcassets; sourceTree = "<group>"; };
		D4D76C5134CF3F1B68652A1B /* TestBasicEnter.swift */ = {isa = PBXFileReference; lastKnownFileType = sourcecode.swift; path = TestBasicEnter.swift; sourceTree = "<group>"; };
		D9A74E288B6BF828B9D1B43F /* ShiftedLayoutView.swift */ = {isa = PBXFileReference; lastKnownFileType = sourcecode.swift; path = ShiftedLayoutView.swift; sourceTree = "<group>"; };
		E6EF4C53DB8402D815C29B65 /* TestTap.swift */ = {isa = PBXFileReference; lastKnownFileType = sourcecode.swift; path = TestTap.swift; sourceTree = "<group>"; };
		EF5D0087FE66817734BD9B42 /* RPNCore */ = {isa = PBXFileReference; lastKnownFileType = folder; name = RPNCore; path = RPNCore; sourceTree = SOURCE_ROOT; };
		F4CC1AD914F15BABCE14AD05 /* AppDelegate.swift */ = {isa = PBXFileReference; lastKnownFileType = sourcecode.swift; path = AppDelegate.swift; sourceTree = "<group>"; };
/* End PBXFileReference section */

/* Begin PBXFrameworksBuildPhase section */
		42DAF53E42C590BBCE762221 /* Frameworks */ = {
			isa = PBXFrameworksBuildPhase;
			buildActionMask = 2147483647;
			files = (
				213042356BA1A34FE72AFC0D /* RPNCore in Frameworks */,
			);
			runOnlyForDeploymentPostprocessing = 0;
		};
		56088B538AB65B22461EFFB5 /* Frameworks */ = {
			isa = PBXFrameworksBuildPhase;
			buildActionMask = 2147483647;
			files = (
				91A4231DBB3C747B0EFBCCF8 /* RPNCore in Frameworks */,
			);
			runOnlyForDeploymentPostprocessing = 0;
		};
		58682FF8286FC0BC4DA5EE6D /* Frameworks */ = {
			isa = PBXFrameworksBuildPhase;
			buildActionMask = 2147483647;
			files = (
				2E19AF56A6420AF45BC735AA /* RPNCore in Frameworks */,
			);
			runOnlyForDeploymentPostprocessing = 0;
		};
		6207F0CE7C396CA81E9F2BD2 /* Frameworks */ = {
			isa = PBXFrameworksBuildPhase;
			buildActionMask = 2147483647;
			files = (
				E79D5E0C53308448AB279C11 /* RPNCore in Frameworks */,
			);
			runOnlyForDeploymentPostprocessing = 0;
		};
/* End PBXFrameworksBuildPhase section */

/* Begin PBXGroup section */
		07BB37454D0491F209307D76 /* Keypads */ = {
			isa = PBXGroup;
			children = (
				6146AE77BD8D1226DEF56B0A /* BottomNumpadView.swift */,
				A603ECAFE549C00B0F724057 /* CalcButton.swift */,
				D9A74E288B6BF828B9D1B43F /* ShiftedLayoutView.swift */,
				27EE043F713CA870829FFD11 /* TopNumpadView.swift */,
				CAD288C4367AE97EE044B621 /* UpperMatrixView.swift */,
			);
			path = Keypads;
			sourceTree = "<group>";
		};
		0EDF5084DCF35E43BBBD071F /* WatchCalc32-iOS */ = {
			isa = PBXGroup;
			children = (
				24CE381DA1230052F591DA43 /* HapticNumpadView.swift */,
				0D33BB3B4DA42ECDFA2BE965 /* iOSApp.swift */,
				587C3E00D19968F12AC41028 /* iOSContentView.swift */,
			);
			path = "WatchCalc32-iOS";
			sourceTree = "<group>";
		};
		13CD7713C093DFB84C3D253E /* Shared */ = {
			isa = PBXGroup;
			children = (
				00F8C3BBB74081AE7AFD10A0 /* BezelButtonStyle.swift */,
				41AFE75A07A68E82C945B78D /* HP32KeyMap.swift */,
				4BF83BE2D0F249D71CC64E42 /* KeyActionDispatcher.swift */,
				8640FB6C5294E5B59E8A5EC2 /* LCDDisplayView.swift */,
				916DE9D305ECF467358D921A /* RetroLayoutVerificationView.swift */,
				3C3226D5170FD47417B14ED2 /* RetroLCDView.swift */,
				1B3B2728A7BBFA718A645C82 /* ThemeManager.swift */,
			);
			path = Shared;
			sourceTree = "<group>";
		};
		26D79A26A5F0F87BFBCF59CA = {
			isa = PBXGroup;
			children = (
				D8E9C3EE43E6C0A3D1C5BD2F /* fastlane */,
				94B24ABAA25EA1248B801481 /* Packages */,
				13CD7713C093DFB84C3D253E /* Shared */,
				B60258525ED18D309AC6E3EA /* WatchCalc32 */,
				0EDF5084DCF35E43BBBD071F /* WatchCalc32-iOS */,
				2C48882E60B43D580BB99DAE /* WatchCalc32Container */,
				BF70DE023790FB5A53DE74D0 /* WatchCalc32ContainerUITests */,
				5B45ED136A121285C5D5E9B4 /* WatchCalc32UITests */,
				8B0D8FB1298D4DA0EE9D9EFF /* Products */,
			);
			sourceTree = "<group>";
		};
		2C48882E60B43D580BB99DAE /* WatchCalc32Container */ = {
			isa = PBXGroup;
			children = (
				F4CC1AD914F15BABCE14AD05 /* AppDelegate.swift */,
				7541CC53D8F82834A670AFE7 /* Assets.xcassets */,
				86513C8C092CF799D433B5AA /* Info.plist */,
			);
			path = WatchCalc32Container;
			sourceTree = "<group>";
		};
		414FBA5984AD0FACCE9A74AC /* Styles */ = {
			isa = PBXGroup;
			children = (
				AF192A74FFF113EE59586474 /* PioneerButtonStyle.swift */,
			);
			path = Styles;
			sourceTree = "<group>";
		};
		472CE72EE1788B5B6A729F57 /* Views */ = {
			isa = PBXGroup;
			children = (
				7380E9EA77A2B09D2F69B947 /* ContentView.swift */,
				304C9C58EBAA51A1ACFB6ADC /* IntegratePromptView.swift */,
				58DAAEAFE7C5D2AA32CF01FD /* ShowView.swift */,
				4D9AD73C4C1D638AC6CC4BF0 /* SolvePromptView.swift */,
				E6EF4C53DB8402D815C29B65 /* TestTap.swift */,
				86A7FBB9C29AE7418245F825 /* Equations */,
				07BB37454D0491F209307D76 /* Keypads */,
				F7E7F5F6AD36C75C6FB4D345 /* Menus */,
				EA5FE8F48F917A05BFA00964 /* Plotting */,
				414FBA5984AD0FACCE9A74AC /* Styles */,
			);
			path = Views;
			sourceTree = "<group>";
		};
		5B45ED136A121285C5D5E9B4 /* WatchCalc32UITests */ = {
			isa = PBXGroup;
			children = (
				D4D76C5134CF3F1B68652A1B /* TestBasicEnter.swift */,
				5B6F0F53804807111845D7AF /* TestEquationEntry.swift */,
				42DA4D6580B0F6B971CC5E3A /* TestMath.swift */,
				19DF658A03B03870932682A4 /* UILBenchmarkData.swift */,
				622952E15D4BA66BA40C145B /* WatchCalc32MenusTests.swift */,
				03BE4E9B0484A292A2FEA4F5 /* WatchCalc32UITests.swift */,
				59371E82AFF11F8FFCEBB6CD /* WatchCalc32UXTests.swift */,
			);
			path = WatchCalc32UITests;
			sourceTree = "<group>";
		};
		86A7FBB9C29AE7418245F825 /* Equations */ = {
			isa = PBXGroup;
			children = (
				43437D0D28BC0EDF2F8C80AD /* EquationListView.swift */,
				90AE59D4DDFB0F88AAC9C9BA /* PlotPromptView.swift */,
				7CC57601B2A1F45AACECF2A1 /* ProgramEditorView.swift */,
				5E8AFADF70A2E45FF0D41407 /* VariablePromptView.swift */,
			);
			path = Equations;
			sourceTree = "<group>";
		};
		8B0D8FB1298D4DA0EE9D9EFF /* Products */ = {
			isa = PBXGroup;
			children = (
				9113082685473D1416D00106 /* WatchCalc32.app */,
				7F052485D497EB57FF5517A5 /* WatchCalc32Container.app */,
				83DB61D67A7DBEC21EE4B046 /* WatchCalc32ContainerUITests.xctest */,
				8869FFBAFCD814FA507BFBF7 /* WatchCalc32UITests.xctest */,
			);
			name = Products;
			sourceTree = "<group>";
		};
		94B24ABAA25EA1248B801481 /* Packages */ = {
			isa = PBXGroup;
			children = (
				EF5D0087FE66817734BD9B42 /* RPNCore */,
			);
			name = Packages;
			sourceTree = "<group>";
		};
		B60258525ED18D309AC6E3EA /* WatchCalc32 */ = {
			isa = PBXGroup;
			children = (
				CDC4DD47C54DD18B29053681 /* Assets.xcassets */,
				7A4B42E509174B5BA172A473 /* Info.plist */,
				36EA20C7632AAC2FF0C51C4E /* WatchCalc32App.swift */,
				472CE72EE1788B5B6A729F57 /* Views */,
			);
			path = WatchCalc32;
			sourceTree = "<group>";
		};
		BF70DE023790FB5A53DE74D0 /* WatchCalc32ContainerUITests */ = {
			isa = PBXGroup;
			children = (
				6258D960746EE50013A006D4 /* iOSUITests.swift */,
			);
			path = WatchCalc32ContainerUITests;
			sourceTree = "<group>";
		};
		D8E9C3EE43E6C0A3D1C5BD2F /* fastlane */ = {
			isa = PBXGroup;
			children = (
				58FE90BC752C5F14CBC892BE /* SnapshotHelper.swift */,
			);
			path = fastlane;
			sourceTree = "<group>";
		};
		EA5FE8F48F917A05BFA00964 /* Plotting */ = {
			isa = PBXGroup;
			children = (
				64E6AECD717221530EF79254 /* FullScreenPlotView.swift */,
			);
			path = Plotting;
			sourceTree = "<group>";
		};
		F7E7F5F6AD36C75C6FB4D345 /* Menus */ = {
			isa = PBXGroup;
			children = (
				6FFB9D54733526F37B234936 /* ClearMenuView.swift */,
				BDA655BADB71D31C6C30BF1F /* ConstantsMenuView.swift */,
				1867C279760D0F90BED087D9 /* MemMenuView.swift */,
				3E8EF5BCC7D97E870A5D10C8 /* RegsMenuView.swift */,
			);
			path = Menus;
			sourceTree = "<group>";
		};
/* End PBXGroup section */

/* Begin PBXNativeTarget section */
		1895A0E717E1BB937A0D581F /* WatchCalc32UITests */ = {
			isa = PBXNativeTarget;
			buildConfigurationList = 733FF94E5AE48888F38CF092 /* Build configuration list for PBXNativeTarget "WatchCalc32UITests" */;
			buildPhases = (
				90427866A991EE31FCDFCD79 /* Sources */,
				56088B538AB65B22461EFFB5 /* Frameworks */,
			);
			buildRules = (
			);
			dependencies = (
				D14A224765F845CB2D5CA5F7 /* PBXTargetDependency */,
			);
			name = WatchCalc32UITests;
			packageProductDependencies = (
				03D17C91C142DFF0B3CD789A /* RPNCore */,
			);
			productName = WatchCalc32UITests;
			productReference = 8869FFBAFCD814FA507BFBF7 /* WatchCalc32UITests.xctest */;
			productType = "com.apple.product-type.bundle.ui-testing";
		};
		34F80AA4FF3FE28033600166 /* WatchCalc32Container */ = {
			isa = PBXNativeTarget;
			buildConfigurationList = BACDCB77DE5FBD5D77B63336 /* Build configuration list for PBXNativeTarget "WatchCalc32Container" */;
			buildPhases = (
				F6B6CC888FB41F0A3CE77D9A /* Sources */,
				42579BC9DD62E3A19C8CA221 /* Resources */,
				42DAF53E42C590BBCE762221 /* Frameworks */,
				C092247D08500C8DA1ECDB21 /* Embed Watch Content */,
			);
			buildRules = (
			);
			dependencies = (
				FC91E81AD700F69F89ECCCBF /* PBXTargetDependency */,
			);
			name = WatchCalc32Container;
			packageProductDependencies = (
				203CA19B9100ADCABC7E6EC4 /* RPNCore */,
			);
			productName = WatchCalc32Container;
			productReference = 7F052485D497EB57FF5517A5 /* WatchCalc32Container.app */;
			productType = "com.apple.product-type.application";
		};
		E6A8F1D2238006B1F79BF478 /* WatchCalc32 */ = {
			isa = PBXNativeTarget;
			buildConfigurationList = DA8838AD9919D5EA633EF785 /* Build configuration list for PBXNativeTarget "WatchCalc32" */;
			buildPhases = (
				72091A71AB287D57A7540EC8 /* Sources */,
				9881687C9A79AB7CE69950EA /* Resources */,
				58682FF8286FC0BC4DA5EE6D /* Frameworks */,
			);
			buildRules = (
			);
			dependencies = (
			);
			name = WatchCalc32;
			packageProductDependencies = (
				4F6B69E0A8BEA8AE3B3005FF /* RPNCore */,
			);
			productName = WatchCalc32;
			productReference = 9113082685473D1416D00106 /* WatchCalc32.app */;
			productType = "com.apple.product-type.application";
		};
		FA11EB90F50FCED4FFD99FA1 /* WatchCalc32ContainerUITests */ = {
			isa = PBXNativeTarget;
			buildConfigurationList = 06994EF3E9EE429EFA801786 /* Build configuration list for PBXNativeTarget "WatchCalc32ContainerUITests" */;
			buildPhases = (
				CA0DC42E00F703CD77F93CCC /* Sources */,
				6207F0CE7C396CA81E9F2BD2 /* Frameworks */,
			);
			buildRules = (
			);
			dependencies = (
				4E891E6838AAA42419E60FDF /* PBXTargetDependency */,
			);
			name = WatchCalc32ContainerUITests;
			packageProductDependencies = (
				DF09DC95AF23E25ED70C515D /* RPNCore */,
			);
			productName = WatchCalc32ContainerUITests;
			productReference = 83DB61D67A7DBEC21EE4B046 /* WatchCalc32ContainerUITests.xctest */;
			productType = "com.apple.product-type.bundle.ui-testing";
		};
/* End PBXNativeTarget section */

/* Begin PBXProject section */
		3EEB2B268BA3C9DF9236B221 /* Project object */ = {
			isa = PBXProject;
			attributes = {
				BuildIndependentTargetsInParallel = YES;
				LastUpgradeCheck = 1430;
				TargetAttributes = {
					1895A0E717E1BB937A0D581F = {
						TestTargetID = E6A8F1D2238006B1F79BF478;
					};
					34F80AA4FF3FE28033600166 = {
						DevelopmentTeam = UNXVA46694;
						ProvisioningStyle = Automatic;
					};
					E6A8F1D2238006B1F79BF478 = {
						DevelopmentTeam = UNXVA46694;
						ProvisioningStyle = Automatic;
					};
					FA11EB90F50FCED4FFD99FA1 = {
						TestTargetID = 34F80AA4FF3FE28033600166;
					};
				};
			};
			buildConfigurationList = FD9D3D55EA24EA3CD97334EF /* Build configuration list for PBXProject "WatchCalc32" */;
			developmentRegion = en;
			hasScannedForEncodings = 0;
			knownRegions = (
				Base,
				en,
			);
			mainGroup = 26D79A26A5F0F87BFBCF59CA;
			minimizedProjectReferenceProxies = 1;
			packageReferences = (
				73D22318B38F1EC818702A19 /* XCLocalSwiftPackageReference "RPNCore" */,
			);
			preferredProjectObjectVersion = 77;
			productRefGroup = 8B0D8FB1298D4DA0EE9D9EFF /* Products */;
			projectDirPath = "";
			projectRoot = "";
			targets = (
				E6A8F1D2238006B1F79BF478 /* WatchCalc32 */,
				34F80AA4FF3FE28033600166 /* WatchCalc32Container */,
				FA11EB90F50FCED4FFD99FA1 /* WatchCalc32ContainerUITests */,
				1895A0E717E1BB937A0D581F /* WatchCalc32UITests */,
			);
		};
/* End PBXProject section */

/* Begin PBXResourcesBuildPhase section */
		42579BC9DD62E3A19C8CA221 /* Resources */ = {
			isa = PBXResourcesBuildPhase;
			buildActionMask = 2147483647;
			files = (
				6C1E62B8385E46571925B8F3 /* Assets.xcassets in Resources */,
			);
			runOnlyForDeploymentPostprocessing = 0;
		};
		9881687C9A79AB7CE69950EA /* Resources */ = {
			isa = PBXResourcesBuildPhase;
			buildActionMask = 2147483647;
			files = (
				F9F9E62262549DB1AABB4A4A /* Assets.xcassets in Resources */,
			);
			runOnlyForDeploymentPostprocessing = 0;
		};
/* End PBXResourcesBuildPhase section */

/* Begin PBXSourcesBuildPhase section */
		72091A71AB287D57A7540EC8 /* Sources */ = {
			isa = PBXSourcesBuildPhase;
			buildActionMask = 2147483647;
			files = (
				3F3270604771C95BC03FE1F9 /* BezelButtonStyle.swift in Sources */,
				34D508DBB61A456B9333AEF4 /* BottomNumpadView.swift in Sources */,
				EBFF1352BB8199A314F3A59A /* CalcButton.swift in Sources */,
				DF0A48DEF4F748B9060702B0 /* ClearMenuView.swift in Sources */,
				B9D5721548DFF864607459EA /* ConstantsMenuView.swift in Sources */,
				7DFE479B1F669ADFD164A83A /* ContentView.swift in Sources */,
				9B8CC1E2050EE6AE52829CB5 /* EquationListView.swift in Sources */,
				7A219E24A08061B9FD35C0A7 /* FullScreenPlotView.swift in Sources */,
				3C313C98D6C288B5E3573374 /* HP32KeyMap.swift in Sources */,
				37C34E0A66161F64D91640E5 /* IntegratePromptView.swift in Sources */,
				8598631283513AE626B8282B /* KeyActionDispatcher.swift in Sources */,
				406E6AF58601F11C3B68601C /* LCDDisplayView.swift in Sources */,
				8E133F9F14E8CAB073E46BE7 /* MemMenuView.swift in Sources */,
				E0FFBF5DFAB29F2C25AC8F10 /* PioneerButtonStyle.swift in Sources */,
				586A08015EAF6BD50409CDBC /* PlotPromptView.swift in Sources */,
				A129C0A12537790E9E7D6772 /* ProgramEditorView.swift in Sources */,
				38CBA4D981F8D19A2BAE017F /* RegsMenuView.swift in Sources */,
				5A48741E6F99D79D1689EF42 /* RetroLCDView.swift in Sources */,
				61ABD329E939767DB5F448C8 /* RetroLayoutVerificationView.swift in Sources */,
				81262546734AC53D1827E5B0 /* ShiftedLayoutView.swift in Sources */,
				37C50B336B000503004AEFD1 /* ShowView.swift in Sources */,
				A0F71D94903B30CAFD7E29D3 /* SolvePromptView.swift in Sources */,
				A02384DF194CC93B8988C53E /* TestTap.swift in Sources */,
				447AF5DE61D6487FB7139D43 /* ThemeManager.swift in Sources */,
				7459875E3FC9D5366DC59789 /* TopNumpadView.swift in Sources */,
				F08B8D73732959DF2930E4AD /* UpperMatrixView.swift in Sources */,
				56CACE0045D64A880AD59D6B /* VariablePromptView.swift in Sources */,
				DBA4D84D6FB8B8259EEBF518 /* WatchCalc32App.swift in Sources */,
			);
			runOnlyForDeploymentPostprocessing = 0;
		};
		90427866A991EE31FCDFCD79 /* Sources */ = {
			isa = PBXSourcesBuildPhase;
			buildActionMask = 2147483647;
			files = (
				1C7C3A2352869537FDE0172E /* SnapshotHelper.swift in Sources */,
				4C14445080D80DDE19B4E16E /* TestBasicEnter.swift in Sources */,
				EE3CDD51880ED63702FCF356 /* TestEquationEntry.swift in Sources */,
				F1D0CA11E3656E3DA267D1BB /* TestMath.swift in Sources */,
				73CB96AF5E2F72B5AE07DEDE /* UILBenchmarkData.swift in Sources */,
				C3373A4B3A4D8ADA0A7E57B3 /* WatchCalc32MenusTests.swift in Sources */,
				4308E7A8AA17370A1161571D /* WatchCalc32UITests.swift in Sources */,
				9C7F5F16B2E92C1C559CB339 /* WatchCalc32UXTests.swift in Sources */,
			);
			runOnlyForDeploymentPostprocessing = 0;
		};
		CA0DC42E00F703CD77F93CCC /* Sources */ = {
			isa = PBXSourcesBuildPhase;
			buildActionMask = 2147483647;
			files = (
				039B528A371CBF3C7144A0CA /* SnapshotHelper.swift in Sources */,
				D75CFB0CAFA34BF7CEFC4F9C /* iOSUITests.swift in Sources */,
			);
			runOnlyForDeploymentPostprocessing = 0;
		};
		F6B6CC888FB41F0A3CE77D9A /* Sources */ = {
			isa = PBXSourcesBuildPhase;
			buildActionMask = 2147483647;
			files = (
				73CCCA71F91F64AE9B52822F /* AppDelegate.swift in Sources */,
				9B792CDE5DDE6C438A39E1FE /* BezelButtonStyle.swift in Sources */,
				930B9EBAF5C04B648B9A582A /* ClearMenuView.swift in Sources */,
				8BCEA9AD4BE3FDC82F67D010 /* ConstantsMenuView.swift in Sources */,
				AC72CD70B174AF8CB18028BE /* EquationListView.swift in Sources */,
				5D0E7AF1181024B666BDE34C /* FullScreenPlotView.swift in Sources */,
				6511C0A0FFC4155D5FE55A14 /* HP32KeyMap.swift in Sources */,
				29DD67D1DA47A705BD28283D /* HapticNumpadView.swift in Sources */,
				D561A664897EC9DFF60EAF01 /* IntegratePromptView.swift in Sources */,
				8B8F531E293B37BEFB756384 /* KeyActionDispatcher.swift in Sources */,
				8139FE82CACC52F8DCA66ACA /* LCDDisplayView.swift in Sources */,
				3A2E071289E7861A1C377F8C /* MemMenuView.swift in Sources */,
				C6F2F9C0C36490AC03ADB80F /* PioneerButtonStyle.swift in Sources */,
				D2A9EC8D34F9B566AACE79A5 /* PlotPromptView.swift in Sources */,
				2B323B6CA221D10EAC7CE7FE /* ProgramEditorView.swift in Sources */,
				7D918461400B97562D32B84A /* RegsMenuView.swift in Sources */,
				0C61D50BA376C36A4391B530 /* RetroLCDView.swift in Sources */,
				1C102A21CDDD3BBBDC8C1C4A /* RetroLayoutVerificationView.swift in Sources */,
				83DD7B9FC261130AFAD78F79 /* SolvePromptView.swift in Sources */,
				86F21CB19014ED8884873D4F /* ThemeManager.swift in Sources */,
				3A22F67D29CCC6143FCC2E7E /* VariablePromptView.swift in Sources */,
				8F2CD154257150221461C64A /* iOSApp.swift in Sources */,
				047EEFCCA2FBDD94B5998163 /* iOSContentView.swift in Sources */,
			);
			runOnlyForDeploymentPostprocessing = 0;
		};
/* End PBXSourcesBuildPhase section */

/* Begin PBXTargetDependency section */
		4E891E6838AAA42419E60FDF /* PBXTargetDependency */ = {
			isa = PBXTargetDependency;
			target = 34F80AA4FF3FE28033600166 /* WatchCalc32Container */;
			targetProxy = 5B73031E71236FF4DFB4FE4F /* PBXContainerItemProxy */;
		};
		D14A224765F845CB2D5CA5F7 /* PBXTargetDependency */ = {
			isa = PBXTargetDependency;
			target = E6A8F1D2238006B1F79BF478 /* WatchCalc32 */;
			targetProxy = 6129C13EF7E8AB948FC13FAC /* PBXContainerItemProxy */;
		};
		FC91E81AD700F69F89ECCCBF /* PBXTargetDependency */ = {
			isa = PBXTargetDependency;
			target = E6A8F1D2238006B1F79BF478 /* WatchCalc32 */;
			targetProxy = 2207B4908ED42BA8F418AAC8 /* PBXContainerItemProxy */;
		};
/* End PBXTargetDependency section */

/* Begin XCBuildConfiguration section */
		02C74F4B9CC7D9654283FDF2 /* Release */ = {
			isa = XCBuildConfiguration;
			buildSettings = {
				BUNDLE_LOADER = "$(TEST_HOST)";
				GENERATE_INFOPLIST_FILE = YES;
				LD_RUNPATH_SEARCH_PATHS = (
					"$(inherited)",
					"@executable_path/Frameworks",
					"@loader_path/Frameworks",
				);
				PRODUCT_BUNDLE_IDENTIFIER = rpn.calculator.WatchCalc32UITests;
				SDKROOT = watchos;
				SKIP_INSTALL = YES;
				SWIFT_VERSION = 5.9;
				TARGETED_DEVICE_FAMILY = 4;
				TEST_TARGET_NAME = WatchCalc32;
				WATCHOS_DEPLOYMENT_TARGET = 10.0;
			};
			name = Release;
		};
		1295B897EF853B002411C561 /* Debug */ = {
			isa = XCBuildConfiguration;
			buildSettings = {
				ASSETCATALOG_COMPILER_APPICON_NAME = AppIcon;
				CODE_SIGN_IDENTITY = "iPhone Developer";
				CODE_SIGN_STYLE = Automatic;
				DEVELOPMENT_TEAM = UNXVA46694;
				INFOPLIST_FILE = WatchCalc32Container/Info.plist;
				IPHONEOS_DEPLOYMENT_TARGET = 17.0;
				LD_RUNPATH_SEARCH_PATHS = (
					"$(inherited)",
					"@executable_path/Frameworks",
				);
				PRODUCT_BUNDLE_IDENTIFIER = rpn.calculator.WatchCalc32;
				SDKROOT = iphoneos;
				SKIP_INSTALL = NO;
				TARGETED_DEVICE_FAMILY = "1,2";
			};
			name = Debug;
		};
		29276D8316B3258F217ADE6C /* Release */ = {
			isa = XCBuildConfiguration;
			buildSettings = {
				ASSETCATALOG_COMPILER_APPICON_NAME = AppIcon;
				CODE_SIGN_IDENTITY = "iPhone Developer";
				CODE_SIGN_STYLE = Automatic;
				DEVELOPMENT_TEAM = UNXVA46694;
				INFOPLIST_FILE = WatchCalc32Container/Info.plist;
				IPHONEOS_DEPLOYMENT_TARGET = 17.0;
				LD_RUNPATH_SEARCH_PATHS = (
					"$(inherited)",
					"@executable_path/Frameworks",
				);
				PRODUCT_BUNDLE_IDENTIFIER = rpn.calculator.WatchCalc32;
				SDKROOT = iphoneos;
				SKIP_INSTALL = NO;
				TARGETED_DEVICE_FAMILY = "1,2";
			};
			name = Release;
		};
		4E777CFDA4D4F6EC8BB386D4 /* Release */ = {
			isa = XCBuildConfiguration;
			buildSettings = {
				ALWAYS_SEARCH_USER_PATHS = NO;
				CLANG_ANALYZER_NONNULL = YES;
				CLANG_ANALYZER_NUMBER_OBJECT_CONVERSION = YES_AGGRESSIVE;
				CLANG_CXX_LANGUAGE_STANDARD = "gnu++14";
				CLANG_CXX_LIBRARY = "libc++";
				CLANG_ENABLE_MODULES = YES;
				CLANG_ENABLE_OBJC_ARC = YES;
				CLANG_ENABLE_OBJC_WEAK = YES;
				CLANG_WARN_BLOCK_CAPTURE_AUTORELEASING = YES;
				CLANG_WARN_BOOL_CONVERSION = YES;
				CLANG_WARN_COMMA = YES;
				CLANG_WARN_CONSTANT_CONVERSION = YES;
				CLANG_WARN_DEPRECATED_OBJC_IMPLEMENTATIONS = YES;
				CLANG_WARN_DIRECT_OBJC_ISA_USAGE = YES_ERROR;
				CLANG_WARN_DOCUMENTATION_COMMENTS = YES;
				CLANG_WARN_EMPTY_BODY = YES;
				CLANG_WARN_ENUM_CONVERSION = YES;
				CLANG_WARN_INFINITE_RECURSION = YES;
				CLANG_WARN_INT_CONVERSION = YES;
				CLANG_WARN_NON_LITERAL_NULL_CONVERSION = YES;
				CLANG_WARN_OBJC_IMPLICIT_RETAIN_SELF = YES;
				CLANG_WARN_OBJC_LITERAL_CONVERSION = YES;
				CLANG_WARN_OBJC_ROOT_CLASS = YES_ERROR;
				CLANG_WARN_QUOTED_INCLUDE_IN_FRAMEWORK_HEADER = YES;
				CLANG_WARN_RANGE_LOOP_ANALYSIS = YES;
				CLANG_WARN_STRICT_PROTOTYPES = YES;
				CLANG_WARN_SUSPICIOUS_MOVE = YES;
				CLANG_WARN_UNGUARDED_AVAILABILITY = YES_AGGRESSIVE;
				CLANG_WARN_UNREACHABLE_CODE = YES;
				CLANG_WARN__DUPLICATE_METHOD_MATCH = YES;
				COPY_PHASE_STRIP = NO;
				DEBUG_INFORMATION_FORMAT = "dwarf-with-dsym";
				ENABLE_NS_ASSERTIONS = NO;
				ENABLE_STRICT_OBJC_MSGSEND = YES;
				GCC_C_LANGUAGE_STANDARD = gnu11;
				GCC_NO_COMMON_BLOCKS = YES;
				GCC_WARN_64_TO_32_BIT_CONVERSION = YES;
				GCC_WARN_ABOUT_RETURN_TYPE = YES_ERROR;
				GCC_WARN_UNDECLARED_SELECTOR = YES;
				GCC_WARN_UNINITIALIZED_AUTOS = YES_AGGRESSIVE;
				GCC_WARN_UNUSED_FUNCTION = YES;
				GCC_WARN_UNUSED_VARIABLE = YES;
				MTL_ENABLE_DEBUG_INFO = NO;
				MTL_FAST_MATH = YES;
				PRODUCT_NAME = "$(TARGET_NAME)";
				SWIFT_COMPILATION_MODE = wholemodule;
				SWIFT_OPTIMIZATION_LEVEL = "-O";
				SWIFT_VERSION = 5.0;
			};
			name = Release;
		};
		59A860806B764B3D9416064E /* Release */ = {
			isa = XCBuildConfiguration;
			buildSettings = {
				BUNDLE_LOADER = "$(TEST_HOST)";
				GENERATE_INFOPLIST_FILE = YES;
				IPHONEOS_DEPLOYMENT_TARGET = 17.0;
				LD_RUNPATH_SEARCH_PATHS = (
					"$(inherited)",
					"@executable_path/Frameworks",
					"@loader_path/Frameworks",
				);
				PRODUCT_BUNDLE_IDENTIFIER = rpn.calculator.WatchCalc32ContainerUITests;
				SDKROOT = iphoneos;
				SWIFT_VERSION = 5.9;
				TARGETED_DEVICE_FAMILY = "1,2";
				TEST_TARGET_NAME = WatchCalc32Container;
			};
			name = Release;
		};
		AD9B323DEAD58982242F6365 /* Debug */ = {
			isa = XCBuildConfiguration;
			buildSettings = {
				BUNDLE_LOADER = "$(TEST_HOST)";
				GENERATE_INFOPLIST_FILE = YES;
				LD_RUNPATH_SEARCH_PATHS = (
					"$(inherited)",
					"@executable_path/Frameworks",
					"@loader_path/Frameworks",
				);
				PRODUCT_BUNDLE_IDENTIFIER = rpn.calculator.WatchCalc32UITests;
				SDKROOT = watchos;
				SKIP_INSTALL = YES;
				SWIFT_VERSION = 5.9;
				TARGETED_DEVICE_FAMILY = 4;
				TEST_TARGET_NAME = WatchCalc32;
				WATCHOS_DEPLOYMENT_TARGET = 10.0;
			};
			name = Debug;
		};
		B1803B07527BF7E2508CCC01 /* Debug */ = {
			isa = XCBuildConfiguration;
			buildSettings = {
				ASSETCATALOG_COMPILER_APPICON_NAME = AppIcon;
				CODE_SIGN_STYLE = Automatic;
				DEVELOPMENT_TEAM = UNXVA46694;
				INFOPLIST_FILE = WatchCalc32/Info.plist;
				PRODUCT_BUNDLE_IDENTIFIER = rpn.calculator.WatchCalc32.watchkitapp;
				SDKROOT = watchos;
				SKIP_INSTALL = YES;
				SWIFT_VERSION = 5.9;
				TARGETED_DEVICE_FAMILY = 4;
				WATCHOS_DEPLOYMENT_TARGET = 10.0;
			};
			name = Debug;
		};
		C22E28F996A6FEAA6544F90C /* Debug */ = {
			isa = XCBuildConfiguration;
			buildSettings = {
				BUNDLE_LOADER = "$(TEST_HOST)";
				GENERATE_INFOPLIST_FILE = YES;
				IPHONEOS_DEPLOYMENT_TARGET = 17.0;
				LD_RUNPATH_SEARCH_PATHS = (
					"$(inherited)",
					"@executable_path/Frameworks",
					"@loader_path/Frameworks",
				);
				PRODUCT_BUNDLE_IDENTIFIER = rpn.calculator.WatchCalc32ContainerUITests;
				SDKROOT = iphoneos;
				SWIFT_VERSION = 5.9;
				TARGETED_DEVICE_FAMILY = "1,2";
				TEST_TARGET_NAME = WatchCalc32Container;
			};
			name = Debug;
		};
		C7F933632AF7C06BE47C3E1C /* Debug */ = {
			isa = XCBuildConfiguration;
			buildSettings = {
				ALWAYS_SEARCH_USER_PATHS = NO;
				CLANG_ANALYZER_NONNULL = YES;
				CLANG_ANALYZER_NUMBER_OBJECT_CONVERSION = YES_AGGRESSIVE;
				CLANG_CXX_LANGUAGE_STANDARD = "gnu++14";
				CLANG_CXX_LIBRARY = "libc++";
				CLANG_ENABLE_MODULES = YES;
				CLANG_ENABLE_OBJC_ARC = YES;
				CLANG_ENABLE_OBJC_WEAK = YES;
				CLANG_WARN_BLOCK_CAPTURE_AUTORELEASING = YES;
				CLANG_WARN_BOOL_CONVERSION = YES;
				CLANG_WARN_COMMA = YES;
				CLANG_WARN_CONSTANT_CONVERSION = YES;
				CLANG_WARN_DEPRECATED_OBJC_IMPLEMENTATIONS = YES;
				CLANG_WARN_DIRECT_OBJC_ISA_USAGE = YES_ERROR;
				CLANG_WARN_DOCUMENTATION_COMMENTS = YES;
				CLANG_WARN_EMPTY_BODY = YES;
				CLANG_WARN_ENUM_CONVERSION = YES;
				CLANG_WARN_INFINITE_RECURSION = YES;
				CLANG_WARN_INT_CONVERSION = YES;
				CLANG_WARN_NON_LITERAL_NULL_CONVERSION = YES;
				CLANG_WARN_OBJC_IMPLICIT_RETAIN_SELF = YES;
				CLANG_WARN_OBJC_LITERAL_CONVERSION = YES;
				CLANG_WARN_OBJC_ROOT_CLASS = YES_ERROR;
				CLANG_WARN_QUOTED_INCLUDE_IN_FRAMEWORK_HEADER = YES;
				CLANG_WARN_RANGE_LOOP_ANALYSIS = YES;
				CLANG_WARN_STRICT_PROTOTYPES = YES;
				CLANG_WARN_SUSPICIOUS_MOVE = YES;
				CLANG_WARN_UNGUARDED_AVAILABILITY = YES_AGGRESSIVE;
				CLANG_WARN_UNREACHABLE_CODE = YES;
				CLANG_WARN__DUPLICATE_METHOD_MATCH = YES;
				COPY_PHASE_STRIP = NO;
				DEBUG_INFORMATION_FORMAT = dwarf;
				ENABLE_STRICT_OBJC_MSGSEND = YES;
				ENABLE_TESTABILITY = YES;
				GCC_C_LANGUAGE_STANDARD = gnu11;
				GCC_DYNAMIC_NO_PIC = NO;
				GCC_NO_COMMON_BLOCKS = YES;
				GCC_OPTIMIZATION_LEVEL = 0;
				GCC_PREPROCESSOR_DEFINITIONS = (
					"$(inherited)",
					"DEBUG=1",
				);
				GCC_WARN_64_TO_32_BIT_CONVERSION = YES;
				GCC_WARN_ABOUT_RETURN_TYPE = YES_ERROR;
				GCC_WARN_UNDECLARED_SELECTOR = YES;
				GCC_WARN_UNINITIALIZED_AUTOS = YES_AGGRESSIVE;
				GCC_WARN_UNUSED_FUNCTION = YES;
				GCC_WARN_UNUSED_VARIABLE = YES;
				MTL_ENABLE_DEBUG_INFO = INCLUDE_SOURCE;
				MTL_FAST_MATH = YES;
				ONLY_ACTIVE_ARCH = YES;
				PRODUCT_NAME = "$(TARGET_NAME)";
				SWIFT_ACTIVE_COMPILATION_CONDITIONS = DEBUG;
				SWIFT_OPTIMIZATION_LEVEL = "-Onone";
				SWIFT_VERSION = 5.0;
			};
			name = Debug;
		};
		F712D89479B89C2ED3FAB29D /* Release */ = {
			isa = XCBuildConfiguration;
			buildSettings = {
				ASSETCATALOG_COMPILER_APPICON_NAME = AppIcon;
				CODE_SIGN_STYLE = Automatic;
				DEVELOPMENT_TEAM = UNXVA46694;
				INFOPLIST_FILE = WatchCalc32/Info.plist;
				PRODUCT_BUNDLE_IDENTIFIER = rpn.calculator.WatchCalc32.watchkitapp;
				SDKROOT = watchos;
				SKIP_INSTALL = YES;
				SWIFT_VERSION = 5.9;
				TARGETED_DEVICE_FAMILY = 4;
				WATCHOS_DEPLOYMENT_TARGET = 10.0;
			};
			name = Release;
		};
/* End XCBuildConfiguration section */

/* Begin XCConfigurationList section */
		06994EF3E9EE429EFA801786 /* Build configuration list for PBXNativeTarget "WatchCalc32ContainerUITests" */ = {
			isa = XCConfigurationList;
			buildConfigurations = (
				C22E28F996A6FEAA6544F90C /* Debug */,
				59A860806B764B3D9416064E /* Release */,
			);
			defaultConfigurationIsVisible = 0;
			defaultConfigurationName = Debug;
		};
		733FF94E5AE48888F38CF092 /* Build configuration list for PBXNativeTarget "WatchCalc32UITests" */ = {
			isa = XCConfigurationList;
			buildConfigurations = (
				AD9B323DEAD58982242F6365 /* Debug */,
				02C74F4B9CC7D9654283FDF2 /* Release */,
			);
			defaultConfigurationIsVisible = 0;
			defaultConfigurationName = Debug;
		};
		BACDCB77DE5FBD5D77B63336 /* Build configuration list for PBXNativeTarget "WatchCalc32Container" */ = {
			isa = XCConfigurationList;
			buildConfigurations = (
				1295B897EF853B002411C561 /* Debug */,
				29276D8316B3258F217ADE6C /* Release */,
			);
			defaultConfigurationIsVisible = 0;
			defaultConfigurationName = Debug;
		};
		DA8838AD9919D5EA633EF785 /* Build configuration list for PBXNativeTarget "WatchCalc32" */ = {
			isa = XCConfigurationList;
			buildConfigurations = (
				B1803B07527BF7E2508CCC01 /* Debug */,
				F712D89479B89C2ED3FAB29D /* Release */,
			);
			defaultConfigurationIsVisible = 0;
			defaultConfigurationName = Debug;
		};
		FD9D3D55EA24EA3CD97334EF /* Build configuration list for PBXProject "WatchCalc32" */ = {
			isa = XCConfigurationList;
			buildConfigurations = (
				C7F933632AF7C06BE47C3E1C /* Debug */,
				4E777CFDA4D4F6EC8BB386D4 /* Release */,
			);
			defaultConfigurationIsVisible = 0;
			defaultConfigurationName = Debug;
		};
/* End XCConfigurationList section */

/* Begin XCLocalSwiftPackageReference section */
		73D22318B38F1EC818702A19 /* XCLocalSwiftPackageReference "RPNCore" */ = {
			isa = XCLocalSwiftPackageReference;
			relativePath = RPNCore;
		};
/* End XCLocalSwiftPackageReference section */

/* Begin XCSwiftPackageProductDependency section */
		03D17C91C142DFF0B3CD789A /* RPNCore */ = {
			isa = XCSwiftPackageProductDependency;
			productName = RPNCore;
		};
		203CA19B9100ADCABC7E6EC4 /* RPNCore */ = {
			isa = XCSwiftPackageProductDependency;
			productName = RPNCore;
		};
		4F6B69E0A8BEA8AE3B3005FF /* RPNCore */ = {
			isa = XCSwiftPackageProductDependency;
			productName = RPNCore;
		};
		DF09DC95AF23E25ED70C515D /* RPNCore */ = {
			isa = XCSwiftPackageProductDependency;
			productName = RPNCore;
		};
/* End XCSwiftPackageProductDependency section */
	};
	rootObject = 3EEB2B268BA3C9DF9236B221 /* Project object */;
}
